// !$*UTF8*$!
{
	archiveVersion = 1;
	classes = {
	};
	objectVersion = 46;
	objects = {

/* Begin PBXBuildFile section */
		4A8D85E91CDB274C00208FEC /* AppDelegate.m in Sources */ = {isa = PBXBuildFile; fileRef = 4A8D85D81CDB274C00208FEC /* AppDelegate.m */; };
		4A8D85EA1CDB274C00208FEC /* Assets.xcassets in Resources */ = {isa = PBXBuildFile; fileRef = 4A8D85D91CDB274C00208FEC /* Assets.xcassets */; };
		4A8D85EB1CDB274C00208FEC /* LaunchScreen.storyboard in Resources */ = {isa = PBXBuildFile; fileRef = 4A8D85DA1CDB274C00208FEC /* LaunchScreen.storyboard */; };
		4A8D85EC1CDB274C00208FEC /* Main.storyboard in Resources */ = {isa = PBXBuildFile; fileRef = 4A8D85DC1CDB274C00208FEC /* Main.storyboard */; };
		4A8D85EE1CDB274C00208FEC /* main.m in Sources */ = {isa = PBXBuildFile; fileRef = 4A8D85DF1CDB274C00208FEC /* main.m */; };
		4A8D85EF1CDB274C00208FEC /* ViewController.m in Sources */ = {isa = PBXBuildFile; fileRef = 4A8D85E11CDB274C00208FEC /* ViewController.m */; };
		4A8D85F01CDB274C00208FEC /* ViewController1.m in Sources */ = {isa = PBXBuildFile; fileRef = 4A8D85E31CDB274C00208FEC /* ViewController1.m */; };
		4A8D85F11CDB274C00208FEC /* ViewController2.m in Sources */ = {isa = PBXBuildFile; fileRef = 4A8D85E51CDB274C00208FEC /* ViewController2.m */; };
		4A8D85F21CDB274C00208FEC /* SWSegmentedController.m in Sources */ = {isa = PBXBuildFile; fileRef = 4A8D85E81CDB274C00208FEC /* SWSegmentedController.m */; };
		4A8D85F91CDB74AB00208FEC /* Select_content_view_controller_programmatically.gif in Resources */ = {isa = PBXBuildFile; fileRef = 4A8D85F51CDB74AB00208FEC /* Select_content_view_controller_programmatically.gif */; };
		4A8D85FA1CDB74AB00208FEC /* Select_content_view_controller_with_segmented_control.gif in Resources */ = {isa = PBXBuildFile; fileRef = 4A8D85F61CDB74AB00208FEC /* Select_content_view_controller_with_segmented_control.gif */; };
		4A8D85FB1CDB74AB00208FEC /* Set_content_view_controllers.gif in Resources */ = {isa = PBXBuildFile; fileRef = 4A8D85F71CDB74AB00208FEC /* Set_content_view_controllers.gif */; };
/* End PBXBuildFile section */

/* Begin PBXFileReference section */
		4A8D85AF1CDA539300208FEC /* SWSegmentedController.app */ = {isa = PBXFileReference; explicitFileType = wrapper.application; includeInIndex = 0; path = SWSegmentedController.app; sourceTree = BUILT_PRODUCTS_DIR; };
		4A8D85D71CDB274C00208FEC /* AppDelegate.h */ = {isa = PBXFileReference; fileEncoding = 4; lastKnownFileType = sourcecode.c.h; path = AppDelegate.h; sourceTree = "<group>"; };
		4A8D85D81CDB274C00208FEC /* AppDelegate.m */ = {isa = PBXFileReference; fileEncoding = 4; lastKnownFileType = sourcecode.c.objc; path = AppDelegate.m; sourceTree = "<group>"; };
		4A8D85D91CDB274C00208FEC /* Assets.xcassets */ = {isa = PBXFileReference; lastKnownFileType = folder.assetcatalog; path = Assets.xcassets; sourceTree = "<group>"; };
		4A8D85DB1CDB274C00208FEC /* Base */ = {isa = PBXFileReference; lastKnownFileType = file.storyboard; name = Base; path = Base.lproj/LaunchScreen.storyboard; sourceTree = "<group>"; };
		4A8D85DD1CDB274C00208FEC /* Base */ = {isa = PBXFileReference; lastKnownFileType = file.storyboard; name = Base; path = Base.lproj/Main.storyboard; sourceTree = "<group>"; };
		4A8D85DE1CDB274C00208FEC /* Info.plist */ = {isa = PBXFileReference; fileEncoding = 4; lastKnownFileType = text.plist.xml; path = Info.plist; sourceTree = "<group>"; };
		4A8D85DF1CDB274C00208FEC /* main.m */ = {isa = PBXFileReference; fileEncoding = 4; lastKnownFileType = sourcecode.c.objc; path = main.m; sourceTree = "<group>"; };
		4A8D85E01CDB274C00208FEC /* ViewController.h */ = {isa = PBXFileReference; fileEncoding = 4; lastKnownFileType = sourcecode.c.h; path = ViewController.h; sourceTree = "<group>"; };
		4A8D85E11CDB274C00208FEC /* ViewController.m */ = {isa = PBXFileReference; fileEncoding = 4; lastKnownFileType = sourcecode.c.objc; path = ViewController.m; sourceTree = "<group>"; };
		4A8D85E21CDB274C00208FEC /* ViewController1.h */ = {isa = PBXFileReference; fileEncoding = 4; lastKnownFileType = sourcecode.c.h; path = ViewController1.h; sourceTree = "<group>"; };
		4A8D85E31CDB274C00208FEC /* ViewController1.m */ = {isa = PBXFileReference; fileEncoding = 4; lastKnownFileType = sourcecode.c.objc; path = ViewController1.m; sourceTree = "<group>"; };
		4A8D85E41CDB274C00208FEC /* ViewController2.h */ = {isa = PBXFileReference; fileEncoding = 4; lastKnownFileType = sourcecode.c.h; path = ViewController2.h; sourceTree = "<group>"; };
		4A8D85E51CDB274C00208FEC /* ViewController2.m */ = {isa = PBXFileReference; fileEncoding = 4; lastKnownFileType = sourcecode.c.objc; path = ViewController2.m; sourceTree = "<group>"; };
		4A8D85E71CDB274C00208FEC /* SWSegmentedController.h */ = {isa = PBXFileReference; fileEncoding = 4; lastKnownFileType = sourcecode.c.h; path = SWSegmentedController.h; sourceTree = "<group>"; };
		4A8D85E81CDB274C00208FEC /* SWSegmentedController.m */ = {isa = PBXFileReference; fileEncoding = 4; lastKnownFileType = sourcecode.c.objc; path = SWSegmentedController.m; sourceTree = "<group>"; };
		4A8D85F51CDB74AB00208FEC /* Select_content_view_controller_programmatically.gif */ = {isa = PBXFileReference; lastKnownFileType = image.gif; path = Select_content_view_controller_programmatically.gif; sourceTree = "<group>"; };
		4A8D85F61CDB74AB00208FEC /* Select_content_view_controller_with_segmented_control.gif */ = {isa = PBXFileReference; lastKnownFileType = image.gif; path = Select_content_view_controller_with_segmented_control.gif; sourceTree = "<group>"; };
		4A8D85F71CDB74AB00208FEC /* Set_content_view_controllers.gif */ = {isa = PBXFileReference; lastKnownFileType = image.gif; path = Set_content_view_controllers.gif; sourceTree = "<group>"; };
		4A8D85F81CDB74AB00208FEC /* README.md */ = {isa = PBXFileReference; fileEncoding = 4; lastKnownFileType = net.daringfireball.markdown; path = README.md; sourceTree = "<group>"; };
/* End PBXFileReference section */

/* Begin PBXFrameworksBuildPhase section */
		4A8D85AC1CDA539300208FEC /* Frameworks */ = {
			isa = PBXFrameworksBuildPhase;
			buildActionMask = 2147483647;
			files = (
			);
			runOnlyForDeploymentPostprocessing = 0;
		};
/* End PBXFrameworksBuildPhase section */

/* Begin PBXGroup section */
		4A8D85A61CDA539300208FEC = {
			isa = PBXGroup;
			children = (
				4A8D85F41CDB74AB00208FEC /* README_resources */,
				4A8D85F81CDB74AB00208FEC /* README.md */,
				4A8D85E61CDB274C00208FEC /* SWSegmentedController */,
				4A8D85D61CDB274C00208FEC /* Demo */,
				4A8D85B01CDA539300208FEC /* Products */,
			);
			sourceTree = "<group>";
		};
		4A8D85B01CDA539300208FEC /* Products */ = {
			isa = PBXGroup;
			children = (
				4A8D85AF1CDA539300208FEC /* SWSegmentedController.app */,
			);
			name = Products;
			sourceTree = "<group>";
		};
		4A8D85D61CDB274C00208FEC /* Demo */ = {
			isa = PBXGroup;
			children = (
				4A8D85D71CDB274C00208FEC /* AppDelegate.h */,
				4A8D85D81CDB274C00208FEC /* AppDelegate.m */,
				4A8D85E01CDB274C00208FEC /* ViewController.h */,
				4A8D85E11CDB274C00208FEC /* ViewController.m */,
				4A8D85E21CDB274C00208FEC /* ViewController1.h */,
				4A8D85E31CDB274C00208FEC /* ViewController1.m */,
				4A8D85E41CDB274C00208FEC /* ViewController2.h */,
				4A8D85E51CDB274C00208FEC /* ViewController2.m */,
				4A8D85D91CDB274C00208FEC /* Assets.xcassets */,
				4A8D85DC1CDB274C00208FEC /* Main.storyboard */,
				4A8D85DA1CDB274C00208FEC /* LaunchScreen.storyboard */,
				4A8D85F31CDB281F00208FEC /* Supporting Files */,
			);
			path = Demo;
			sourceTree = "<group>";
		};
		4A8D85E61CDB274C00208FEC /* SWSegmentedController */ = {
			isa = PBXGroup;
			children = (
				4A8D85E71CDB274C00208FEC /* SWSegmentedController.h */,
				4A8D85E81CDB274C00208FEC /* SWSegmentedController.m */,
			);
			path = SWSegmentedController;
			sourceTree = "<group>";
		};
		4A8D85F31CDB281F00208FEC /* Supporting Files */ = {
			isa = PBXGroup;
			children = (
				4A8D85DF1CDB274C00208FEC /* main.m */,
				4A8D85DE1CDB274C00208FEC /* Info.plist */,
			);
			name = "Supporting Files";
			sourceTree = "<group>";
		};
		4A8D85F41CDB74AB00208FEC /* README_resources */ = {
			isa = PBXGroup;
			children = (
				4A8D85F51CDB74AB00208FEC /* Select_content_view_controller_programmatically.gif */,
				4A8D85F61CDB74AB00208FEC /* Select_content_view_controller_with_segmented_control.gif */,
				4A8D85F71CDB74AB00208FEC /* Set_content_view_controllers.gif */,
			);
			path = README_resources;
			sourceTree = "<group>";
		};
/* End PBXGroup section */

/* Begin PBXNativeTarget section */
		4A8D85AE1CDA539300208FEC /* SWSegmentedController */ = {
			isa = PBXNativeTarget;
			buildConfigurationList = 4A8D85C61CDA539300208FEC /* Build configuration list for PBXNativeTarget "SWSegmentedController" */;
			buildPhases = (
				4A8D85AB1CDA539300208FEC /* Sources */,
				4A8D85AC1CDA539300208FEC /* Frameworks */,
				4A8D85AD1CDA539300208FEC /* Resources */,
			);
			buildRules = (
			);
			dependencies = (
			);
			name = SWSegmentedController;
			productName = SWSegmentedController;
			productReference = 4A8D85AF1CDA539300208FEC /* SWSegmentedController.app */;
			productType = "com.apple.product-type.application";
		};
/* End PBXNativeTarget section */

/* Begin PBXProject section */
		4A8D85A71CDA539300208FEC /* Project object */ = {
			isa = PBXProject;
			attributes = {
				LastUpgradeCheck = 0730;
				ORGANIZATIONNAME = "Kaibo Lu";
				TargetAttributes = {
					4A8D85AE1CDA539300208FEC = {
						CreatedOnToolsVersion = 7.3;
						DevelopmentTeam = 9LJHCTN42A;
					};
				};
			};
			buildConfigurationList = 4A8D85AA1CDA539300208FEC /* Build configuration list for PBXProject "SWSegmentedController" */;
			compatibilityVersion = "Xcode 3.2";
			developmentRegion = English;
			hasScannedForEncodings = 0;
			knownRegions = (
				en,
				Base,
			);
			mainGroup = 4A8D85A61CDA539300208FEC;
			productRefGroup = 4A8D85B01CDA539300208FEC /* Products */;
			projectDirPath = "";
			projectRoot = "";
			targets = (
				4A8D85AE1CDA539300208FEC /* SWSegmentedController */,
			);
		};
/* End PBXProject section */

/* Begin PBXResourcesBuildPhase section */
		4A8D85AD1CDA539300208FEC /* Resources */ = {
			isa = PBXResourcesBuildPhase;
			buildActionMask = 2147483647;
			files = (
				4A8D85FA1CDB74AB00208FEC /* Select_content_view_controller_with_segmented_control.gif in Resources */,
				4A8D85F91CDB74AB00208FEC /* Select_content_view_controller_programmatically.gif in Resources */,
				4A8D85FB1CDB74AB00208FEC /* Set_content_view_controllers.gif in Resources */,
				4A8D85EC1CDB274C00208FEC /* Main.storyboard in Resources */,
				4A8D85EA1CDB274C00208FEC /* Assets.xcassets in Resources */,
				4A8D85EB1CDB274C00208FEC /* LaunchScreen.storyboard in Resources */,
			);
			runOnlyForDeploymentPostprocessing = 0;
		};
/* End PBXResourcesBuildPhase section */

/* Begin PBXSourcesBuildPhase section */
		4A8D85AB1CDA539300208FEC /* Sources */ = {
			isa = PBXSourcesBuildPhase;
			buildActionMask = 2147483647;
			files = (
				4A8D85F01CDB274C00208FEC /* ViewController1.m in Sources */,
				4A8D85EF1CDB274C00208FEC /* ViewController.m in Sources */,
				4A8D85F11CDB274C00208FEC /* ViewController2.m in Sources */,
				4A8D85EE1CDB274C00208FEC /* main.m in Sources */,
				4A8D85F21CDB274C00208FEC /* SWSegmentedController.m in Sources */,
				4A8D85E91CDB274C00208FEC /* AppDelegate.m in Sources */,
			);
			runOnlyForDeploymentPostprocessing = 0;
		};
/* End PBXSourcesBuildPhase section */

/* Begin PBXVariantGroup section */
		4A8D85DA1CDB274C00208FEC /* LaunchScreen.storyboard */ = {
			isa = PBXVariantGroup;
			children = (
				4A8D85DB1CDB274C00208FEC /* Base */,
			);
			name = LaunchScreen.storyboard;
			sourceTree = "<group>";
		};
		4A8D85DC1CDB274C00208FEC /* Main.storyboard */ = {
			isa = PBXVariantGroup;
			children = (
				4A8D85DD1CDB274C00208FEC /* Base */,
			);
			name = Main.storyboard;
			sourceTree = "<group>";
		};
/* End PBXVariantGroup section */

/* Begin XCBuildConfiguration section */
		4A8D85C41CDA539300208FEC /* Debug */ = {
			isa = XCBuildConfiguration;
			buildSettings = {
				ALWAYS_SEARCH_USER_PATHS = NO;
				CLANG_ANALYZER_NONNULL = YES;
				CLANG_CXX_LANGUAGE_STANDARD = "gnu++0x";
				CLANG_CXX_LIBRARY = "libc++";
				CLANG_ENABLE_MODULES = YES;
				CLANG_ENABLE_OBJC_ARC = YES;
				CLANG_WARN_BOOL_CONVERSION = YES;
				CLANG_WARN_CONSTANT_CONVERSION = YES;
				CLANG_WARN_DIRECT_OBJC_ISA_USAGE = YES_ERROR;
				CLANG_WARN_EMPTY_BODY = YES;
				CLANG_WARN_ENUM_CONVERSION = YES;
				CLANG_WARN_INT_CONVERSION = YES;
				CLANG_WARN_OBJC_ROOT_CLASS = YES_ERROR;
				CLANG_WARN_UNREACHABLE_CODE = YES;
				CLANG_WARN__DUPLICATE_METHOD_MATCH = YES;
				"CODE_SIGN_IDENTITY[sdk=iphoneos*]" = "iPhone Developer";
				COPY_PHASE_STRIP = NO;
				DEBUG_INFORMATION_FORMAT = dwarf;
				ENABLE_STRICT_OBJC_MSGSEND = YES;
				ENABLE_TESTABILITY = YES;
				GCC_C_LANGUAGE_STANDARD = gnu99;
				GCC_DYNAMIC_NO_PIC = NO;
				GCC_NO_COMMON_BLOCKS = YES;
				GCC_OPTIMIZATION_LEVEL = 0;
				GCC_PREPROCESSOR_DEFINITIONS = (
					"DEBUG=1",
					"$(inherited)",
				);
				GCC_WARN_64_TO_32_BIT_CONVERSION = YES;
				GCC_WARN_ABOUT_RETURN_TYPE = YES_ERROR;
				GCC_WARN_UNDECLARED_SELECTOR = YES;
				GCC_WARN_UNINITIALIZED_AUTOS = YES_AGGRESSIVE;
				GCC_WARN_UNUSED_FUNCTION = YES;
				GCC_WARN_UNUSED_VARIABLE = YES;
				IPHONEOS_DEPLOYMENT_TARGET = 9.3;
				MTL_ENABLE_DEBUG_INFO = YES;
				ONLY_ACTIVE_ARCH = YES;
				SDKROOT = iphoneos;
				TARGETED_DEVICE_FAMILY = "1,2";
			};
			name = Debug;
		};
		4A8D85C51CDA539300208FEC /* Release */ = {
			isa = XCBuildConfiguration;
			buildSettings = {
				ALWAYS_SEARCH_USER_PATHS = NO;
				CLANG_ANALYZER_NONNULL = YES;
				CLANG_CXX_LANGUAGE_STANDARD = "gnu++0x";
				CLANG_CXX_LIBRARY = "libc++";
				CLANG_ENABLE_MODULES = YES;
				CLANG_ENABLE_OBJC_ARC = YES;
				CLANG_WARN_BOOL_CONVERSION = YES;
				CLANG_WARN_CONSTANT_CONVERSION = YES;
				CLANG_WARN_DIRECT_OBJC_ISA_USAGE = YES_ERROR;
				CLANG_WARN_EMPTY_BODY = YES;
				CLANG_WARN_ENUM_CONVERSION = YES;
				CLANG_WARN_INT_CONVERSION = YES;
				CLANG_WARN_OBJC_ROOT_CLASS = YES_ERROR;
				CLANG_WARN_UNREACHABLE_CODE = YES;
				CLANG_WARN__DUPLICATE_METHOD_MATCH = YES;
				"CODE_SIGN_IDENTITY[sdk=iphoneos*]" = "iPhone Developer";
				COPY_PHASE_STRIP = NO;
				DEBUG_INFORMATION_FORMAT = "dwarf-with-dsym";
				ENABLE_NS_ASSERTIONS = NO;
				ENABLE_STRICT_OBJC_MSGSEND = YES;
				GCC_C_LANGUAGE_STANDARD = gnu99;
				GCC_NO_COMMON_BLOCKS = YES;
				GCC_WARN_64_TO_32_BIT_CONVERSION = YES;
				GCC_WARN_ABOUT_RETURN_TYPE = YES_ERROR;
				GCC_WARN_UNDECLARED_SELECTOR = YES;
				GCC_WARN_UNINITIALIZED_AUTOS = YES_AGGRESSIVE;
				GCC_WARN_UNUSED_FUNCTION = YES;
				GCC_WARN_UNUSED_VARIABLE = YES;
				IPHONEOS_DEPLOYMENT_TARGET = 9.3;
				MTL_ENABLE_DEBUG_INFO = NO;
				SDKROOT = iphoneos;
				TARGETED_DEVICE_FAMILY = "1,2";
				VALIDATE_PRODUCT = YES;
			};
			name = Release;
		};
		4A8D85C71CDA539300208FEC /* Debug */ = {
			isa = XCBuildConfiguration;
			buildSettings = {
				ASSETCATALOG_COMPILER_APPICON_NAME = AppIcon;
				INFOPLIST_FILE = "$(SRCROOT)/Demo/Info.plist";
				IPHONEOS_DEPLOYMENT_TARGET = 7.0;
				LD_RUNPATH_SEARCH_PATHS = "$(inherited) @executable_path/Frameworks";
				PRODUCT_BUNDLE_IDENTIFIER = com.Kaibo.SWSegmentedController;
				PRODUCT_NAME = "$(TARGET_NAME)";
			};
			name = Debug;
		};
		4A8D85C81CDA539300208FEC /* Release */ = {
			isa = XCBuildConfiguration;
			buildSettings = {
				ASSETCATALOG_COMPILER_APPICON_NAME = AppIcon;
				INFOPLIST_FILE = "$(SRCROOT)/Demo/Info.plist";
				IPHONEOS_DEPLOYMENT_TARGET = 7.0;
				LD_RUNPATH_SEARCH_PATHS = "$(inherited) @executable_path/Frameworks";
				PRODUCT_BUNDLE_IDENTIFIER = com.Kaibo.SWSegmentedController;
				PRODUCT_NAME = "$(TARGET_NAME)";
			};
			name = Release;
		};
/* End XCBuildConfiguration section */

/* Begin XCConfigurationList section */
		4A8D85AA1CDA539300208FEC /* Build configuration list for PBXProject "SWSegmentedController" */ = {
			isa = XCConfigurationList;
			buildConfigurations = (
				4A8D85C41CDA539300208FEC /* Debug */,
				4A8D85C51CDA539300208FEC /* Release */,
			);
			defaultConfigurationIsVisible = 0;
			defaultConfigurationName = Release;
		};
		4A8D85C61CDA539300208FEC /* Build configuration list for PBXNativeTarget "SWSegmentedController" */ = {
			isa = XCConfigurationList;
			buildConfigurations = (
				4A8D85C71CDA539300208FEC /* Debug */,
				4A8D85C81CDA539300208FEC /* Release */,
			);
			defaultConfigurationIsVisible = 0;
			defaultConfigurationName = Release;
		};
/* End XCConfigurationList section */
	};
	rootObject = 4A8D85A71CDA539300208FEC /* Project object */;
}
